
Microsoft Visual Studio Solution File, Format Version 12.00
# Visual Studio Version 18
VisualStudioVersion = 18.0.11123.170 d18.0
MinimumVisualStudioVersion = 10.0.40219.1
Project("{FAE04EC0-301F-11D3-BF4B-00C04F79EFBC}") = "CheapGlyphForge.MAUI", "CheapGlyphForge.MAUI\CheapGlyphForge.MAUI.csproj", "{99C05D59-88FD-4FB8-85CC-EE76DFC27EC4}"
EndProject
Project("{FAE04EC0-301F-11D3-BF4B-00C04F79EFBC}") = "CheapGlyphForge.GlyphMatrix.Binding", "CheapGlyphForge.GlyphMatrix.Binding\CheapGlyphForge.GlyphMatrix.Binding.csproj", "{DA5DC353-DA08-4EC4-A1D5-1E74CCE29B9F}"
EndProject
Project("{FAE04EC0-301F-11D3-BF4B-00C04F79EFBC}") = "CheapGlyphForge.Core", "CheapGlyphForge.Core\CheapGlyphForge.Core.csproj", "{2E02E052-9F5C-45AE-8FAE-2A1CB5AE564A}"
EndProject
Project("{2150E333-8FDC-42A3-9474-1A3956D46DE8}") = "Solution Items", "Solution Items", "{8EC462FD-D22E-90A8-E5CE-7E832BA40C5D}"
	ProjectSection(SolutionItems) = preProject
		BindingAnalysis.txt = BindingAnalysis.txt
		BindingExplorer.ps1 = BindingExplorer.ps1
	EndProjectSection
EndProject
Project("{FAE04EC0-301F-11D3-BF4B-00C04F79EFBC}") = "CheapGlyphForge.GlyphInterface.Binding", "CheapGlyphForge.GlyphInterface.Binding\CheapGlyphForge.GlyphInterface.Binding.csproj", "{A9FA2601-6A0F-6CCA-7411-9094EC3256FC}"
EndProject
Global
	GlobalSection(SolutionConfigurationPlatforms) = preSolution
		Debug|Any CPU = Debug|Any CPU
		Release|Any CPU = Release|Any CPU
	EndGlobalSection
	GlobalSection(ProjectConfigurationPlatforms) = postSolution
		{99C05D59-88FD-4FB8-85CC-EE76DFC27EC4}.Debug|Any CPU.ActiveCfg = Debug|Any CPU
		{99C05D59-88FD-4FB8-85CC-EE76DFC27EC4}.Debug|Any CPU.Build.0 = Debug|Any CPU
		{99C05D59-88FD-4FB8-85CC-EE76DFC27EC4}.Debug|Any CPU.Deploy.0 = Debug|Any CPU
		{99C05D59-88FD-4FB8-85CC-EE76DFC27EC4}.Release|Any CPU.ActiveCfg = Release|Any CPU
		{99C05D59-88FD-4FB8-85CC-EE76DFC27EC4}.Release|Any CPU.Build.0 = Release|Any CPU
		{DA5DC353-DA08-4EC4-A1D5-1E74CCE29B9F}.Debug|Any CPU.ActiveCfg = Debug|Any CPU
		{DA5DC353-DA08-4EC4-A1D5-1E74CCE29B9F}.Debug|Any CPU.Build.0 = Debug|Any CPU
		{DA5DC353-DA08-4EC4-A1D5-1E74CCE29B9F}.Release|Any CPU.ActiveCfg = Release|Any CPU
		{DA5DC353-DA08-4EC4-A1D5-1E74CCE29B9F}.Release|Any CPU.Build.0 = Release|Any CPU
		{2E02E052-9F5C-45AE-8FAE-2A1CB5AE564A}.Debug|Any CPU.ActiveCfg = Debug|Any CPU
		{2E02E052-9F5C-45AE-8FAE-2A1CB5AE564A}.Debug|Any CPU.Build.0 = Debug|Any CPU
		{2E02E052-9F5C-45AE-8FAE-2A1CB5AE564A}.Release|Any CPU.ActiveCfg = Release|Any CPU
		{2E02E052-9F5C-45AE-8FAE-2A1CB5AE564A}.Release|Any CPU.Build.0 = Release|Any CPU
		{A9FA2601-6A0F-6CCA-7411-9094EC3256FC}.Debug|Any CPU.ActiveCfg = Debug|Any CPU
		{A9FA2601-6A0F-6CCA-7411-9094EC3256FC}.Debug|Any CPU.Build.0 = Debug|Any CPU
		{A9FA2601-6A0F-6CCA-7411-9094EC3256FC}.Release|Any CPU.ActiveCfg = Release|Any CPU
		{A9FA2601-6A0F-6CCA-7411-9094EC3256FC}.Release|Any CPU.Build.0 = Release|Any CPU
	EndGlobalSection
	GlobalSection(SolutionProperties) = preSolution
		HideSolutionNode = FALSE
	EndGlobalSection
	GlobalSection(ExtensibilityGlobals) = postSolution
		SolutionGuid = {083DDBF7-2BB9-4EB3-8060-C06B0CF6EEED}
	EndGlobalSection
EndGlobal
